
Microsoft Visual Studio Solution File, Format Version 12.00
# Visual Studio Version 17
VisualStudioVersion = 17.7.34031.279
MinimumVisualStudioVersion = 10.0.40219.1
Project("{FAE04EC0-301F-11D3-BF4B-00C04F79EFBC}") = "4", "4\4.csproj", "{FD27ADFC-770C-4D71-BFC6-6982BE572159}"
EndProject
Global
	GlobalSection(SolutionConfigurationPlatforms) = preSolution
		Debug|Any CPU = Debug|Any CPU
		Release|Any CPU = Release|Any CPU
	EndGlobalSection
	GlobalSection(ProjectConfigurationPlatforms) = postSolution
		{FD27ADFC-770C-4D71-BFC6-6982BE572159}.Debug|Any CPU.ActiveCfg = Debug|Any CPU
		{FD27ADFC-770C-4D71-BFC6-6982BE572159}.Debug|Any CPU.Build.0 = Debug|Any CPU
		{FD27ADFC-770C-4D71-BFC6-6982BE572159}.Release|Any CPU.ActiveCfg = Release|Any CPU
		{FD27ADFC-770C-4D71-BFC6-6982BE572159}.Release|Any CPU.Build.0 = Release|Any CPU
	EndGlobalSection
	GlobalSection(SolutionProperties) = preSolution
		HideSolutionNode = FALSE
	EndGlobalSection
	GlobalSection(ExtensibilityGlobals) = postSolution
		SolutionGuid = {8C3EF653-3119-4968-BA9F-7B4C2C9275EF}
	EndGlobalSection
EndGlobal
